PODS:
  - app_links (6.4.1):
    - Flutter
  - AppAuth (1.7.6):
    - AppAuth/Core (= 1.7.6)
    - AppAuth/ExternalUserAgent (= 1.7.6)
  - AppAuth/Core (1.7.6)
  - AppAuth/ExternalUserAgent (1.7.6):
    - AppAuth/Core
  - AppCheckCore (11.3.1):
    - GoogleUtilities/Environment (~> 8.0)
    - GoogleUtilities/UserDefaults (~> 8.0)
    - PromisesObjC (~> 2.4)
    - PromisesSwift (~> 2.4)
    - RecaptchaInterop (~> 101.0)
  - audioplayers_darwin (0.0.1):
    - Flutter
    - FlutterMacOS
  - CwlCatchException (2.2.1):
    - CwlCatchExceptionSupport (~> 2.2.1)
  - CwlCatchExceptionSupport (2.2.1)
  - Firebase/CoreOnly (11.15.0):
    - FirebaseCore (~> 11.15.0)
  - Firebase/Messaging (11.15.0):
    - Firebase/CoreOnly
    - FirebaseMessaging (~> 11.15.0)
  - firebase_core (3.15.2):
    - Firebase/CoreOnly (= 11.15.0)
    - Flutter
  - firebase_messaging (15.2.10):
    - Firebase/Messaging (= 11.15.0)
    - firebase_core
    - Flutter
  - FirebaseCore (11.15.0):
    - FirebaseCoreInternal (~> 11.15.0)
    - GoogleUtilities/Environment (~> 8.1)
    - GoogleUtilities/Logger (~> 8.1)
  - FirebaseCoreInternal (11.15.0):
    - "GoogleUtilities/NSData+zlib (~> 8.1)"
  - FirebaseInstallations (11.15.0):
    - FirebaseCore (~> 11.15.0)
    - GoogleUtilities/Environment (~> 8.1)
    - GoogleUtilities/UserDefaults (~> 8.1)
    - PromisesObjC (~> 2.4)
  - FirebaseMessaging (11.15.0):
    - FirebaseCore (~> 11.15.0)
    - FirebaseInstallations (~> 11.0)
    - GoogleDataTransport (~> 10.0)
    - GoogleUtilities/AppDelegateSwizzler (~> 8.1)
    - GoogleUtilities/Environment (~> 8.1)
    - GoogleUtilities/Reachability (~> 8.1)
    - GoogleUtilities/UserDefaults (~> 8.1)
    - nanopb (~> 3.30910.0)
  - Flutter (1.0.0)
  - flutter_local_notifications (0.0.1):
    - Flutter
  - geolocator_apple (1.2.0):
    - Flutter
    - FlutterMacOS
  - Google-Maps-iOS-Utils (5.0.0):
    - GoogleMaps (~> 8.0)
  - google_maps_flutter_ios (0.0.1):
    - Flutter
    - Google-Maps-iOS-Utils (< 7.0, >= 5.0)
    - GoogleMaps (< 11.0, >= 8.4)
  - google_sign_in_ios (0.0.1):
    - AppAuth (>= 1.7.4)
    - Flutter
    - FlutterMacOS
    - GoogleSignIn (~> 8.0)
    - GTMSessionFetcher (>= 3.4.0)
  - GoogleDataTransport (10.1.0):
    - nanopb (~> 3.30910.0)
    - PromisesObjC (~> 2.4)
  - GoogleMaps (8.4.0):
    - GoogleMaps/Maps (= 8.4.0)
  - GoogleMaps/Base (8.4.0)
  - GoogleMaps/Maps (8.4.0):
    - GoogleMaps/Base
  - GoogleSignIn (8.0.0):
    - AppAuth (< 2.0, >= 1.7.3)
    - AppCheckCore (~> 11.0)
    - GTMAppAuth (< 5.0, >= 4.1.1)
    - GTMSessionFetcher/Core (~> 3.3)
  - GoogleUtilities/AppDelegateSwizzler (8.1.0):
    - GoogleUtilities/Environment
    - GoogleUtilities/Logger
    - GoogleUtilities/Network
    - GoogleUtilities/Privacy
  - GoogleUtilities/Environment (8.1.0):
    - GoogleUtilities/Privacy
  - GoogleUtilities/Logger (8.1.0):
    - GoogleUtilities/Environment
    - GoogleUtilities/Privacy
  - GoogleUtilities/Network (8.1.0):
    - GoogleUtilities/Logger
    - "GoogleUtilities/NSData+zlib"
    - GoogleUtilities/Privacy
    - GoogleUtilities/Reachability
  - "GoogleUtilities/NSData+zlib (8.1.0)":
    - GoogleUtilities/Privacy
  - GoogleUtilities/Privacy (8.1.0)
  - GoogleUtilities/Reachability (8.1.0):
    - GoogleUtilities/Logger
    - GoogleUtilities/Privacy
  - GoogleUtilities/UserDefaults (8.1.0):
    - GoogleUtilities/Logger
    - GoogleUtilities/Privacy
  - GTMAppAuth (4.1.1):
    - AppAuth/Core (~> 1.7)
    - GTMSessionFetcher/Core (< 4.0, >= 3.3)
  - GTMSessionFetcher (3.5.0):
    - GTMSessionFetcher/Full (= 3.5.0)
  - GTMSessionFetcher/Core (3.5.0)
  - GTMSessionFetcher/Full (3.5.0):
    - GTMSessionFetcher/Core
  - image_picker_ios (0.0.1):
    - Flutter
  - nanopb (3.30910.0):
    - nanopb/decode (= 3.30910.0)
    - nanopb/encode (= 3.30910.0)
  - nanopb/decode (3.30910.0)
  - nanopb/encode (3.30910.0)
  - PromisesObjC (2.4.0)
  - PromisesSwift (2.4.0):
    - PromisesObjC (= 2.4.0)
  - RecaptchaInterop (101.0.0)
  - share_plus (0.0.1):
    - Flutter
  - shared_preferences_foundation (0.0.1):
    - Flutter
    - FlutterMacOS
  - speech_to_text (7.2.0):
    - CwlCatchException
    - Flutter
    - FlutterMacOS
  - url_launcher_ios (0.0.1):
    - Flutter
  - video_player_avfoundation (0.0.1):
    - Flutter
    - FlutterMacOS

DEPENDENCIES:
  - app_links (from `.symlinks/plugins/app_links/ios`)
  - audioplayers_darwin (from `.symlinks/plugins/audioplayers_darwin/darwin`)
  - firebase_core (from `.symlinks/plugins/firebase_core/ios`)
  - firebase_messaging (from `.symlinks/plugins/firebase_messaging/ios`)
  - Flutter (from `Flutter`)
  - flutter_local_notifications (from `.symlinks/plugins/flutter_local_notifications/ios`)
  - geolocator_apple (from `.symlinks/plugins/geolocator_apple/darwin`)
  - google_maps_flutter_ios (from `.symlinks/plugins/google_maps_flutter_ios/ios`)
  - google_sign_in_ios (from `.symlinks/plugins/google_sign_in_ios/darwin`)
  - image_picker_ios (from `.symlinks/plugins/image_picker_ios/ios`)
  - share_plus (from `.symlinks/plugins/share_plus/ios`)
  - shared_preferences_foundation (from `.symlinks/plugins/shared_preferences_foundation/darwin`)
  - speech_to_text (from `.symlinks/plugins/speech_to_text/darwin`)
  - url_launcher_ios (from `.symlinks/plugins/url_launcher_ios/ios`)
  - video_player_avfoundation (from `.symlinks/plugins/video_player_avfoundation/darwin`)

SPEC REPOS:
  trunk:
    - AppAuth
    - AppCheckCore
    - CwlCatchException
    - CwlCatchExceptionSupport
    - Firebase
    - FirebaseCore
    - FirebaseCoreInternal
    - FirebaseInstallations
    - FirebaseMessaging
    - Google-Maps-iOS-Utils
    - GoogleDataTransport
    - GoogleMaps
    - GoogleSignIn
    - GoogleUtilities
    - GTMAppAuth
    - GTMSessionFetcher
    - nanopb
    - PromisesObjC
    - PromisesSwift
    - RecaptchaInterop

EXTERNAL SOURCES:
  app_links:
    :path: ".symlinks/plugins/app_links/ios"
  audioplayers_darwin:
    :path: ".symlinks/plugins/audioplayers_darwin/darwin"
  firebase_core:
    :path: ".symlinks/plugins/firebase_core/ios"
  firebase_messaging:
    :path: ".symlinks/plugins/firebase_messaging/ios"
  Flutter:
    :path: Flutter
  flutter_local_notifications:
    :path: ".symlinks/plugins/flutter_local_notifications/ios"
  geolocator_apple:
    :path: ".symlinks/plugins/geolocator_apple/darwin"
  google_maps_flutter_ios:
    :path: ".symlinks/plugins/google_maps_flutter_ios/ios"
  google_sign_in_ios:
    :path: ".symlinks/plugins/google_sign_in_ios/darwin"
  image_picker_ios:
    :path: ".symlinks/plugins/image_picker_ios/ios"
  share_plus:
    :path: ".symlinks/plugins/share_plus/ios"
  shared_preferences_foundation:
    :path: ".symlinks/plugins/shared_preferences_foundation/darwin"
  speech_to_text:
    :path: ".symlinks/plugins/speech_to_text/darwin"
  url_launcher_ios:
    :path: ".symlinks/plugins/url_launcher_ios/ios"
  video_player_avfoundation:
    :path: ".symlinks/plugins/video_player_avfoundation/darwin"

SPEC CHECKSUMS:
  app_links: 3dbc685f76b1693c66a6d9dd1e9ab6f73d97dc0a
  AppAuth: d4f13a8fe0baf391b2108511793e4b479691fb73
  AppCheckCore: e215d35177a9cf469927863e69c13e220df32a8b
  audioplayers_darwin: 835ced6edd4c9fc8ebb0a7cc9e294a91d99917d5
  CwlCatchException: 7acc161b299a6de7f0a46a6ed741eae2c8b4d75a
  CwlCatchExceptionSupport: 54ccab8d8c78907b57f99717fb19d4cc3bce02dc
  Firebase: d99ac19b909cd2c548339c2241ecd0d1599ab02e
  firebase_core: 995454a784ff288be5689b796deb9e9fa3601818
  firebase_messaging: f4a41dd102ac18b840eba3f39d67e77922d3f707
  FirebaseCore: efb3893e5b94f32b86e331e3bd6dadf18b66568e
  FirebaseCoreInternal: 9afa45b1159304c963da48addb78275ef701c6b4
  FirebaseInstallations: 317270fec08a5d418fdbc8429282238cab3ac843
  FirebaseMessaging: 3b26e2cee503815e01c3701236b020aa9b576f09
  Flutter: cabc95a1d2626b1b06e7179b784ebcf0c0cde467
  flutter_local_notifications: 395056b3175ba4f08480a7c5de30cd36d69827e4
  geolocator_apple: ab36aa0e8b7d7a2d7639b3b4e48308394e8cef5e
  Google-Maps-iOS-Utils: 66d6de12be1ce6d3742a54661e7a79cb317a9321
  google_maps_flutter_ios: 17552876e72723da1d41accc22f03b5f7afbde69
  google_sign_in_ios: b48bb9af78576358a168361173155596c845f0b9
  GoogleDataTransport: aae35b7ea0c09004c3797d53c8c41f66f219d6a7
  GoogleMaps: 8939898920281c649150e0af74aa291c60f2e77d
  GoogleSignIn: ce8c89bb9b37fb624b92e7514cc67335d1e277e4
  GoogleUtilities: 00c88b9a86066ef77f0da2fab05f65d7768ed8e1
  GTMAppAuth: f69bd07d68cd3b766125f7e072c45d7340dea0de
  GTMSessionFetcher: 5aea5ba6bd522a239e236100971f10cb71b96ab6
  image_picker_ios: e0ece4aa2a75771a7de3fa735d26d90817041326
  nanopb: fad817b59e0457d11a5dfbde799381cd727c1275
  PromisesObjC: f5707f49cb48b9636751c5b2e7d227e43fba9f47
  PromisesSwift: 9d77319bbe72ebf6d872900551f7eeba9bce2851
  RecaptchaInterop: 11e0b637842dfb48308d242afc3f448062325aba
  share_plus: 50da8cb520a8f0f65671c6c6a99b3617ed10a58a
  shared_preferences_foundation: 7036424c3d8ec98dfe75ff1667cb0cd531ec82bb
  speech_to_text: 3b313d98516d3d0406cea424782ec25470c59d19
  url_launcher_ios: 7a95fa5b60cc718a708b8f2966718e93db0cef1b
  video_player_avfoundation: 3453f792138786248960ca029747fcd9f318ef52

PODFILE CHECKSUM: 670f34937cf03fc520639a4893c5fea681f039b1

COCOAPODS: 1.16.2
